
Microsoft Visual Studio Solution File, Format Version 12.00
# Visual Studio Version 17
VisualStudioVersion = 17.4.33403.182
MinimumVisualStudioVersion = 10.0.40219.1
Project("{9A19103F-16F7-4668-BE54-9A1E7A4F7556}") = "TeaShopApi", "TeaShopApi\TeaShopApi.csproj", "{E4171181-FA7B-4E92-A5B6-355784F1AE9F}"
EndProject
Project("{9A19103F-16F7-4668-BE54-9A1E7A4F7556}") = "TeaShopApi.EntityLayer", "TeaShopApi.EntityLayer\TeaShopApi.EntityLayer.csproj", "{5DF1D554-0A14-4630-B239-8D7D80F9B84F}"
EndProject
Project("{9A19103F-16F7-4668-BE54-9A1E7A4F7556}") = "TeaShopApi.BusinessLayer", "TeaShopApi.BusinessLayer\TeaShopApi.BusinessLayer.csproj", "{DCA56407-D40E-4F1B-B932-6514FCF16535}"
EndProject
Project("{9A19103F-16F7-4668-BE54-9A1E7A4F7556}") = "TeaShopApi.DataAccessLayer", "TeaShopApi.DataAccessLayer\TeaShopApi.DataAccessLayer.csproj", "{95877A88-342B-4A9E-AED6-9D1F6758806A}"
EndProject
Project("{9A19103F-16F7-4668-BE54-9A1E7A4F7556}") = "TeaShopApi.DtoLayer", "TeaShopApi.DtoLayer\TeaShopApi.DtoLayer.csproj", "{7B7F7AEB-B30F-4B4C-BD6E-361B634FF176}"
EndProject
Project("{FAE04EC0-301F-11D3-BF4B-00C04F79EFBC}") = "TeaShopApi.WebUI", "TeaShopApi.WebUI\TeaShopApi.WebUI.csproj", "{DD6C1CC0-C048-4AE1-ACFB-505445C7BD92}"
EndProject
Global
	GlobalSection(SolutionConfigurationPlatforms) = preSolution
		Debug|Any CPU = Debug|Any CPU
		Release|Any CPU = Release|Any CPU
	EndGlobalSection
	GlobalSection(ProjectConfigurationPlatforms) = postSolution
		{E4171181-FA7B-4E92-A5B6-355784F1AE9F}.Debug|Any CPU.ActiveCfg = Debug|Any CPU
		{E4171181-FA7B-4E92-A5B6-355784F1AE9F}.Debug|Any CPU.Build.0 = Debug|Any CPU
		{E4171181-FA7B-4E92-A5B6-355784F1AE9F}.Release|Any CPU.ActiveCfg = Release|Any CPU
		{E4171181-FA7B-4E92-A5B6-355784F1AE9F}.Release|Any CPU.Build.0 = Release|Any CPU
		{5DF1D554-0A14-4630-B239-8D7D80F9B84F}.Debug|Any CPU.ActiveCfg = Debug|Any CPU
		{5DF1D554-0A14-4630-B239-8D7D80F9B84F}.Debug|Any CPU.Build.0 = Debug|Any CPU
		{5DF1D554-0A14-4630-B239-8D7D80F9B84F}.Release|Any CPU.ActiveCfg = Release|Any CPU
		{5DF1D554-0A14-4630-B239-8D7D80F9B84F}.Release|Any CPU.Build.0 = Release|Any CPU
		{DCA56407-D40E-4F1B-B932-6514FCF16535}.Debug|Any CPU.ActiveCfg = Debug|Any CPU
		{DCA56407-D40E-4F1B-B932-6514FCF16535}.Debug|Any CPU.Build.0 = Debug|Any CPU
		{DCA56407-D40E-4F1B-B932-6514FCF16535}.Release|Any CPU.ActiveCfg = Release|Any CPU
		{DCA56407-D40E-4F1B-B932-6514FCF16535}.Release|Any CPU.Build.0 = Release|Any CPU
		{95877A88-342B-4A9E-AED6-9D1F6758806A}.Debug|Any CPU.ActiveCfg = Debug|Any CPU
		{95877A88-342B-4A9E-AED6-9D1F6758806A}.Debug|Any CPU.Build.0 = Debug|Any CPU
		{95877A88-342B-4A9E-AED6-9D1F6758806A}.Release|Any CPU.ActiveCfg = Release|Any CPU
		{95877A88-342B-4A9E-AED6-9D1F6758806A}.Release|Any CPU.Build.0 = Release|Any CPU
		{7B7F7AEB-B30F-4B4C-BD6E-361B634FF176}.Debug|Any CPU.ActiveCfg = Debug|Any CPU
		{7B7F7AEB-B30F-4B4C-BD6E-361B634FF176}.Debug|Any CPU.Build.0 = Debug|Any CPU
		{7B7F7AEB-B30F-4B4C-BD6E-361B634FF176}.Release|Any CPU.ActiveCfg = Release|Any CPU
		{7B7F7AEB-B30F-4B4C-BD6E-361B634FF176}.Release|Any CPU.Build.0 = Release|Any CPU
		{DD6C1CC0-C048-4AE1-ACFB-505445C7BD92}.Debug|Any CPU.ActiveCfg = Debug|Any CPU
		{DD6C1CC0-C048-4AE1-ACFB-505445C7BD92}.Debug|Any CPU.Build.0 = Debug|Any CPU
		{DD6C1CC0-C048-4AE1-ACFB-505445C7BD92}.Release|Any CPU.ActiveCfg = Release|Any CPU
		{DD6C1CC0-C048-4AE1-ACFB-505445C7BD92}.Release|Any CPU.Build.0 = Release|Any CPU
	EndGlobalSection
	GlobalSection(SolutionProperties) = preSolution
		HideSolutionNode = FALSE
	EndGlobalSection
	GlobalSection(ExtensibilityGlobals) = postSolution
		SolutionGuid = {2A7692B3-B47B-4E00-89B9-3DF658CC4BC8}
	EndGlobalSection
EndGlobal
